// !$*UTF8*$!
{
	archiveVersion = 1;
	classes = {
	};
	objectVersion = 56;
	objects = {

/* Begin PBXBuildFile section */
		810FEB562B7E66B400B2C1C7 /* ResponseValidation.swift in Sources */ = {isa = PBXBuildFile; fileRef = 810FEB552B7E66B400B2C1C7 /* ResponseValidation.swift */; };
		810FEB582B7E673D00B2C1C7 /* NetworkUtils.swift in Sources */ = {isa = PBXBuildFile; fileRef = 810FEB572B7E673D00B2C1C7 /* NetworkUtils.swift */; };
		810FEB5E2B7E6E3A00B2C1C7 /* SceneDelegate.swift in Sources */ = {isa = PBXBuildFile; fileRef = 81CFB4132B7E13EA009F5634 /* SceneDelegate.swift */; };
		810FEB622B7E6EC200B2C1C7 /* GitRepository.swift in Sources */ = {isa = PBXBuildFile; fileRef = 810FEB612B7E6EC200B2C1C7 /* GitRepository.swift */; };
		810FEB642B7E6EFD00B2C1C7 /* License.swift in Sources */ = {isa = PBXBuildFile; fileRef = 810FEB632B7E6EFD00B2C1C7 /* License.swift */; };
		810FEB662B7E6F1100B2C1C7 /* Owner.swift in Sources */ = {isa = PBXBuildFile; fileRef = 810FEB652B7E6F1100B2C1C7 /* Owner.swift */; };
		810FEB682B7E6F5100B2C1C7 /* GitRepoSearchResponse.swift in Sources */ = {isa = PBXBuildFile; fileRef = 810FEB672B7E6F5100B2C1C7 /* GitRepoSearchResponse.swift */; };
		810FEB6A2B7E6FFF00B2C1C7 /* RepoListingViewModel.swift in Sources */ = {isa = PBXBuildFile; fileRef = 810FEB692B7E6FFF00B2C1C7 /* RepoListingViewModel.swift */; };
		810FEB6F2B7E706100B2C1C7 /* BaseViewModel.swift in Sources */ = {isa = PBXBuildFile; fileRef = 810FEB6E2B7E706100B2C1C7 /* BaseViewModel.swift */; };
		810FEB712B7E731200B2C1C7 /* GitSearchRouter.swift in Sources */ = {isa = PBXBuildFile; fileRef = 810FEB702B7E731200B2C1C7 /* GitSearchRouter.swift */; };
		810FEB732B7E749B00B2C1C7 /* Constants.swift in Sources */ = {isa = PBXBuildFile; fileRef = 810FEB722B7E749B00B2C1C7 /* Constants.swift */; };
		81CFB4122B7E13EA009F5634 /* AppDelegate.swift in Sources */ = {isa = PBXBuildFile; fileRef = 81CFB4112B7E13EA009F5634 /* AppDelegate.swift */; };
		81CFB4162B7E13EA009F5634 /* RepoListingViewController.swift in Sources */ = {isa = PBXBuildFile; fileRef = 81CFB4152B7E13EA009F5634 /* RepoListingViewController.swift */; };
		81CFB4192B7E13EA009F5634 /* Main.storyboard in Resources */ = {isa = PBXBuildFile; fileRef = 81CFB4172B7E13EA009F5634 /* Main.storyboard */; };
		81CFB41B2B7E13ED009F5634 /* Assets.xcassets in Resources */ = {isa = PBXBuildFile; fileRef = 81CFB41A2B7E13ED009F5634 /* Assets.xcassets */; };
		81CFB41E2B7E13ED009F5634 /* LaunchScreen.storyboard in Resources */ = {isa = PBXBuildFile; fileRef = 81CFB41C2B7E13ED009F5634 /* LaunchScreen.storyboard */; };
		81CFB4292B7E13EE009F5634 /* GitXplorerTests.swift in Sources */ = {isa = PBXBuildFile; fileRef = 81CFB4282B7E13EE009F5634 /* GitXplorerTests.swift */; };
		81CFB4332B7E13EE009F5634 /* GitXplorerUITests.swift in Sources */ = {isa = PBXBuildFile; fileRef = 81CFB4322B7E13EE009F5634 /* GitXplorerUITests.swift */; };
		81CFB4352B7E13EE009F5634 /* GitXplorerUITestsLaunchTests.swift in Sources */ = {isa = PBXBuildFile; fileRef = 81CFB4342B7E13EE009F5634 /* GitXplorerUITestsLaunchTests.swift */; };
		81CFB4432B7E1F7E009F5634 /* Network.swift in Sources */ = {isa = PBXBuildFile; fileRef = 81CFB4422B7E1F7E009F5634 /* Network.swift */; };
		81CFB4452B7E2010009F5634 /* Router.swift in Sources */ = {isa = PBXBuildFile; fileRef = 81CFB4442B7E2010009F5634 /* Router.swift */; };
		81CFB4472B7E2322009F5634 /* WebOperation.swift in Sources */ = {isa = PBXBuildFile; fileRef = 81CFB4462B7E2322009F5634 /* WebOperation.swift */; };
		81CFB4492B7E236E009F5634 /* ConstructableRequest.swift in Sources */ = {isa = PBXBuildFile; fileRef = 81CFB4482B7E236E009F5634 /* ConstructableRequest.swift */; };
		81D83F532B7F481F00B4A38B /* RepoTableViewCell.swift in Sources */ = {isa = PBXBuildFile; fileRef = 81D83F512B7F481F00B4A38B /* RepoTableViewCell.swift */; };
		81D83F542B7F481F00B4A38B /* RepoTableViewCell.xib in Resources */ = {isa = PBXBuildFile; fileRef = 81D83F522B7F481F00B4A38B /* RepoTableViewCell.xib */; };
		81D83F562B7F64D400B4A38B /* Utils.swift in Sources */ = {isa = PBXBuildFile; fileRef = 81D83F552B7F64D400B4A38B /* Utils.swift */; };
		81D83F582B7F680300B4A38B /* Extensions.swift in Sources */ = {isa = PBXBuildFile; fileRef = 81D83F572B7F680300B4A38B /* Extensions.swift */; };
		81D83F5A2B7F6B7D00B4A38B /* RepoDetailViewController.swift in Sources */ = {isa = PBXBuildFile; fileRef = 81D83F592B7F6B7D00B4A38B /* RepoDetailViewController.swift */; };
		81D83F6A2B7FA8EE00B4A38B /* NicoProgress in Frameworks */ = {isa = PBXBuildFile; productRef = 81D83F692B7FA8EE00B4A38B /* NicoProgress */; };
		81D83F6C2B7FAEF100B4A38B /* Reachability.swift in Sources */ = {isa = PBXBuildFile; fileRef = 81D83F6B2B7FAEF100B4A38B /* Reachability.swift */; };
		81E35FB02B7F2C1F00C1900D /* SearchSortOption.swift in Sources */ = {isa = PBXBuildFile; fileRef = 81E35FAF2B7F2C1F00C1900D /* SearchSortOption.swift */; };
		81E35FB32B7F324600C1900D /* IQKeyboardManagerSwift in Frameworks */ = {isa = PBXBuildFile; productRef = 81E35FB22B7F324600C1900D /* IQKeyboardManagerSwift */; };
/* End PBXBuildFile section */

/* Begin PBXContainerItemProxy section */
		81CFB4252B7E13EE009F5634 /* PBXContainerItemProxy */ = {
			isa = PBXContainerItemProxy;
			containerPortal = 81CFB4062B7E13EA009F5634 /* Project object */;
			proxyType = 1;
			remoteGlobalIDString = 81CFB40D2B7E13EA009F5634;
			remoteInfo = GitXplorer;
		};
		81CFB42F2B7E13EE009F5634 /* PBXContainerItemProxy */ = {
			isa = PBXContainerItemProxy;
			containerPortal = 81CFB4062B7E13EA009F5634 /* Project object */;
			proxyType = 1;
			remoteGlobalIDString = 81CFB40D2B7E13EA009F5634;
			remoteInfo = GitXplorer;
		};
/* End PBXContainerItemProxy section */

/* Begin PBXFileReference section */
		810FEB552B7E66B400B2C1C7 /* ResponseValidation.swift */ = {isa = PBXFileReference; lastKnownFileType = sourcecode.swift; path = ResponseValidation.swift; sourceTree = "<group>"; };
		810FEB572B7E673D00B2C1C7 /* NetworkUtils.swift */ = {isa = PBXFileReference; lastKnownFileType = sourcecode.swift; path = NetworkUtils.swift; sourceTree = "<group>"; };
		810FEB612B7E6EC200B2C1C7 /* GitRepository.swift */ = {isa = PBXFileReference; lastKnownFileType = sourcecode.swift; path = GitRepository.swift; sourceTree = "<group>"; };
		810FEB632B7E6EFD00B2C1C7 /* License.swift */ = {isa = PBXFileReference; lastKnownFileType = sourcecode.swift; path = License.swift; sourceTree = "<group>"; };
		810FEB652B7E6F1100B2C1C7 /* Owner.swift */ = {isa = PBXFileReference; lastKnownFileType = sourcecode.swift; path = Owner.swift; sourceTree = "<group>"; };
		810FEB672B7E6F5100B2C1C7 /* GitRepoSearchResponse.swift */ = {isa = PBXFileReference; lastKnownFileType = sourcecode.swift; path = GitRepoSearchResponse.swift; sourceTree = "<group>"; };
		810FEB692B7E6FFF00B2C1C7 /* RepoListingViewModel.swift */ = {isa = PBXFileReference; lastKnownFileType = sourcecode.swift; path = RepoListingViewModel.swift; sourceTree = "<group>"; };
		810FEB6E2B7E706100B2C1C7 /* BaseViewModel.swift */ = {isa = PBXFileReference; lastKnownFileType = sourcecode.swift; path = BaseViewModel.swift; sourceTree = "<group>"; };
		810FEB702B7E731200B2C1C7 /* GitSearchRouter.swift */ = {isa = PBXFileReference; lastKnownFileType = sourcecode.swift; path = GitSearchRouter.swift; sourceTree = "<group>"; };
		810FEB722B7E749B00B2C1C7 /* Constants.swift */ = {isa = PBXFileReference; lastKnownFileType = sourcecode.swift; path = Constants.swift; sourceTree = "<group>"; };
		81CFB40E2B7E13EA009F5634 /* GitXplorer.app */ = {isa = PBXFileReference; explicitFileType = wrapper.application; includeInIndex = 0; path = GitXplorer.app; sourceTree = BUILT_PRODUCTS_DIR; };
		81CFB4112B7E13EA009F5634 /* AppDelegate.swift */ = {isa = PBXFileReference; lastKnownFileType = sourcecode.swift; path = AppDelegate.swift; sourceTree = "<group>"; };
		81CFB4132B7E13EA009F5634 /* SceneDelegate.swift */ = {isa = PBXFileReference; lastKnownFileType = sourcecode.swift; path = SceneDelegate.swift; sourceTree = "<group>"; };
		81CFB4152B7E13EA009F5634 /* RepoListingViewController.swift */ = {isa = PBXFileReference; lastKnownFileType = sourcecode.swift; path = RepoListingViewController.swift; sourceTree = "<group>"; };
		81CFB4182B7E13EA009F5634 /* Base */ = {isa = PBXFileReference; lastKnownFileType = file.storyboard; name = Base; path = Base.lproj/Main.storyboard; sourceTree = "<group>"; };
		81CFB41A2B7E13ED009F5634 /* Assets.xcassets */ = {isa = PBXFileReference; lastKnownFileType = folder.assetcatalog; path = Assets.xcassets; sourceTree = "<group>"; };
		81CFB41D2B7E13ED009F5634 /* Base */ = {isa = PBXFileReference; lastKnownFileType = file.storyboard; name = Base; path = Base.lproj/LaunchScreen.storyboard; sourceTree = "<group>"; };
		81CFB41F2B7E13ED009F5634 /* Info.plist */ = {isa = PBXFileReference; lastKnownFileType = text.plist.xml; path = Info.plist; sourceTree = "<group>"; };
		81CFB4242B7E13EE009F5634 /* GitXplorerTests.xctest */ = {isa = PBXFileReference; explicitFileType = wrapper.cfbundle; includeInIndex = 0; path = GitXplorerTests.xctest; sourceTree = BUILT_PRODUCTS_DIR; };
		81CFB4282B7E13EE009F5634 /* GitXplorerTests.swift */ = {isa = PBXFileReference; lastKnownFileType = sourcecode.swift; path = GitXplorerTests.swift; sourceTree = "<group>"; };
		81CFB42E2B7E13EE009F5634 /* GitXplorerUITests.xctest */ = {isa = PBXFileReference; explicitFileType = wrapper.cfbundle; includeInIndex = 0; path = GitXplorerUITests.xctest; sourceTree = BUILT_PRODUCTS_DIR; };
		81CFB4322B7E13EE009F5634 /* GitXplorerUITests.swift */ = {isa = PBXFileReference; lastKnownFileType = sourcecode.swift; path = GitXplorerUITests.swift; sourceTree = "<group>"; };
		81CFB4342B7E13EE009F5634 /* GitXplorerUITestsLaunchTests.swift */ = {isa = PBXFileReference; lastKnownFileType = sourcecode.swift; path = GitXplorerUITestsLaunchTests.swift; sourceTree = "<group>"; };
		81CFB4422B7E1F7E009F5634 /* Network.swift */ = {isa = PBXFileReference; lastKnownFileType = sourcecode.swift; path = Network.swift; sourceTree = "<group>"; };
		81CFB4442B7E2010009F5634 /* Router.swift */ = {isa = PBXFileReference; lastKnownFileType = sourcecode.swift; path = Router.swift; sourceTree = "<group>"; };
		81CFB4462B7E2322009F5634 /* WebOperation.swift */ = {isa = PBXFileReference; lastKnownFileType = sourcecode.swift; path = WebOperation.swift; sourceTree = "<group>"; };
		81CFB4482B7E236E009F5634 /* ConstructableRequest.swift */ = {isa = PBXFileReference; lastKnownFileType = sourcecode.swift; path = ConstructableRequest.swift; sourceTree = "<group>"; };
		81D83F512B7F481F00B4A38B /* RepoTableViewCell.swift */ = {isa = PBXFileReference; lastKnownFileType = sourcecode.swift; path = RepoTableViewCell.swift; sourceTree = "<group>"; };
		81D83F522B7F481F00B4A38B /* RepoTableViewCell.xib */ = {isa = PBXFileReference; lastKnownFileType = file.xib; path = RepoTableViewCell.xib; sourceTree = "<group>"; };
		81D83F552B7F64D400B4A38B /* Utils.swift */ = {isa = PBXFileReference; lastKnownFileType = sourcecode.swift; path = Utils.swift; sourceTree = "<group>"; };
		81D83F572B7F680300B4A38B /* Extensions.swift */ = {isa = PBXFileReference; lastKnownFileType = sourcecode.swift; path = Extensions.swift; sourceTree = "<group>"; };
		81D83F592B7F6B7D00B4A38B /* RepoDetailViewController.swift */ = {isa = PBXFileReference; lastKnownFileType = sourcecode.swift; path = RepoDetailViewController.swift; sourceTree = "<group>"; };
		81D83F6B2B7FAEF100B4A38B /* Reachability.swift */ = {isa = PBXFileReference; lastKnownFileType = sourcecode.swift; path = Reachability.swift; sourceTree = "<group>"; };
		81E35FAF2B7F2C1F00C1900D /* SearchSortOption.swift */ = {isa = PBXFileReference; lastKnownFileType = sourcecode.swift; path = SearchSortOption.swift; sourceTree = "<group>"; };
/* End PBXFileReference section */

/* Begin PBXFrameworksBuildPhase section */
		81CFB40B2B7E13EA009F5634 /* Frameworks */ = {
			isa = PBXFrameworksBuildPhase;
			buildActionMask = 2147483647;
			files = (
				81D83F6A2B7FA8EE00B4A38B /* NicoProgress in Frameworks */,
				81E35FB32B7F324600C1900D /* IQKeyboardManagerSwift in Frameworks */,
			);
			runOnlyForDeploymentPostprocessing = 0;
		};
		81CFB4212B7E13EE009F5634 /* Frameworks */ = {
			isa = PBXFrameworksBuildPhase;
			buildActionMask = 2147483647;
			files = (
			);
			runOnlyForDeploymentPostprocessing = 0;
		};
		81CFB42B2B7E13EE009F5634 /* Frameworks */ = {
			isa = PBXFrameworksBuildPhase;
			buildActionMask = 2147483647;
			files = (
			);
			runOnlyForDeploymentPostprocessing = 0;
		};
/* End PBXFrameworksBuildPhase section */

/* Begin PBXGroup section */
		810FEB592B7E6D7700B2C1C7 /* UI */ = {
			isa = PBXGroup;
			children = (
				810FEB5C2B7E6DF200B2C1C7 /* RepoDetail */,
				810FEB5B2B7E6DDB00B2C1C7 /* RepoList */,
				81CFB4172B7E13EA009F5634 /* Main.storyboard */,
				81CFB41C2B7E13ED009F5634 /* LaunchScreen.storyboard */,
			);
			path = UI;
			sourceTree = "<group>";
		};
		810FEB5B2B7E6DDB00B2C1C7 /* RepoList */ = {
			isa = PBXGroup;
			children = (
				81D83F502B7F480C00B4A38B /* View */,
				810FEB602B7E6EAC00B2C1C7 /* Model */,
				810FEB5F2B7E6E9B00B2C1C7 /* ViewModel */,
				81CFB4152B7E13EA009F5634 /* RepoListingViewController.swift */,
			);
			path = RepoList;
			sourceTree = "<group>";
		};
		810FEB5C2B7E6DF200B2C1C7 /* RepoDetail */ = {
			isa = PBXGroup;
			children = (
				81D83F592B7F6B7D00B4A38B /* RepoDetailViewController.swift */,
			);
			path = RepoDetail;
			sourceTree = "<group>";
		};
		810FEB5F2B7E6E9B00B2C1C7 /* ViewModel */ = {
			isa = PBXGroup;
			children = (
				810FEB692B7E6FFF00B2C1C7 /* RepoListingViewModel.swift */,
				810FEB702B7E731200B2C1C7 /* GitSearchRouter.swift */,
			);
			path = ViewModel;
			sourceTree = "<group>";
		};
		810FEB602B7E6EAC00B2C1C7 /* Model */ = {
			isa = PBXGroup;
			children = (
				810FEB612B7E6EC200B2C1C7 /* GitRepository.swift */,
				810FEB632B7E6EFD00B2C1C7 /* License.swift */,
				810FEB652B7E6F1100B2C1C7 /* Owner.swift */,
				810FEB672B7E6F5100B2C1C7 /* GitRepoSearchResponse.swift */,
				81E35FAF2B7F2C1F00C1900D /* SearchSortOption.swift */,
			);
			path = Model;
			sourceTree = "<group>";
		};
		810FEB6B2B7E701E00B2C1C7 /* Common */ = {
			isa = PBXGroup;
			children = (
				810FEB6E2B7E706100B2C1C7 /* BaseViewModel.swift */,
				810FEB722B7E749B00B2C1C7 /* Constants.swift */,
				81D83F552B7F64D400B4A38B /* Utils.swift */,
				81D83F572B7F680300B4A38B /* Extensions.swift */,
			);
			path = Common;
			sourceTree = "<group>";
		};
		81CFB4052B7E13EA009F5634 = {
			isa = PBXGroup;
			children = (
				81CFB4102B7E13EA009F5634 /* GitXplorer */,
				81CFB4272B7E13EE009F5634 /* GitXplorerTests */,
				81CFB4312B7E13EE009F5634 /* GitXplorerUITests */,
				81CFB40F2B7E13EA009F5634 /* Products */,
			);
			sourceTree = "<group>";
		};
		81CFB40F2B7E13EA009F5634 /* Products */ = {
			isa = PBXGroup;
			children = (
				81CFB40E2B7E13EA009F5634 /* GitXplorer.app */,
				81CFB4242B7E13EE009F5634 /* GitXplorerTests.xctest */,
				81CFB42E2B7E13EE009F5634 /* GitXplorerUITests.xctest */,
			);
			name = Products;
			sourceTree = "<group>";
		};
		81CFB4102B7E13EA009F5634 /* GitXplorer */ = {
			isa = PBXGroup;
			children = (
				810FEB6B2B7E701E00B2C1C7 /* Common */,
				810FEB592B7E6D7700B2C1C7 /* UI */,
				81CFB4412B7E1F3D009F5634 /* Network */,
				81CFB4112B7E13EA009F5634 /* AppDelegate.swift */,
				81CFB4132B7E13EA009F5634 /* SceneDelegate.swift */,
				81CFB41A2B7E13ED009F5634 /* Assets.xcassets */,
				81CFB41F2B7E13ED009F5634 /* Info.plist */,
			);
			path = GitXplorer;
			sourceTree = "<group>";
		};
		81CFB4272B7E13EE009F5634 /* GitXplorerTests */ = {
			isa = PBXGroup;
			children = (
				81CFB4282B7E13EE009F5634 /* GitXplorerTests.swift */,
			);
			path = GitXplorerTests;
			sourceTree = "<group>";
		};
		81CFB4312B7E13EE009F5634 /* GitXplorerUITests */ = {
			isa = PBXGroup;
			children = (
				81CFB4322B7E13EE009F5634 /* GitXplorerUITests.swift */,
				81CFB4342B7E13EE009F5634 /* GitXplorerUITestsLaunchTests.swift */,
			);
			path = GitXplorerUITests;
			sourceTree = "<group>";
		};
		81CFB4412B7E1F3D009F5634 /* Network */ = {
			isa = PBXGroup;
			children = (
				81CFB4422B7E1F7E009F5634 /* Network.swift */,
				81CFB4482B7E236E009F5634 /* ConstructableRequest.swift */,
				81CFB4462B7E2322009F5634 /* WebOperation.swift */,
				81CFB4442B7E2010009F5634 /* Router.swift */,
				810FEB552B7E66B400B2C1C7 /* ResponseValidation.swift */,
				810FEB572B7E673D00B2C1C7 /* NetworkUtils.swift */,
				81D83F6B2B7FAEF100B4A38B /* Reachability.swift */,
			);
			path = Network;
			sourceTree = "<group>";
		};
		81D83F502B7F480C00B4A38B /* View */ = {
			isa = PBXGroup;
			children = (
				81D83F512B7F481F00B4A38B /* RepoTableViewCell.swift */,
				81D83F522B7F481F00B4A38B /* RepoTableViewCell.xib */,
			);
			path = View;
			sourceTree = "<group>";
		};
/* End PBXGroup section */

/* Begin PBXNativeTarget section */
		81CFB40D2B7E13EA009F5634 /* GitXplorer */ = {
			isa = PBXNativeTarget;
			buildConfigurationList = 81CFB4382B7E13EE009F5634 /* Build configuration list for PBXNativeTarget "GitXplorer" */;
			buildPhases = (
				81CFB40A2B7E13EA009F5634 /* Sources */,
				81CFB40B2B7E13EA009F5634 /* Frameworks */,
				81CFB40C2B7E13EA009F5634 /* Resources */,
			);
			buildRules = (
			);
			dependencies = (
			);
			name = GitXplorer;
			packageProductDependencies = (
				81E35FB22B7F324600C1900D /* IQKeyboardManagerSwift */,
				81D83F692B7FA8EE00B4A38B /* NicoProgress */,
			);
			productName = GitXplorer;
			productReference = 81CFB40E2B7E13EA009F5634 /* GitXplorer.app */;
			productType = "com.apple.product-type.application";
		};
		81CFB4232B7E13EE009F5634 /* GitXplorerTests */ = {
			isa = PBXNativeTarget;
			buildConfigurationList = 81CFB43B2B7E13EE009F5634 /* Build configuration list for PBXNativeTarget "GitXplorerTests" */;
			buildPhases = (
				81CFB4202B7E13EE009F5634 /* Sources */,
				81CFB4212B7E13EE009F5634 /* Frameworks */,
				81CFB4222B7E13EE009F5634 /* Resources */,
			);
			buildRules = (
			);
			dependencies = (
				81CFB4262B7E13EE009F5634 /* PBXTargetDependency */,
			);
			name = GitXplorerTests;
			productName = GitXplorerTests;
			productReference = 81CFB4242B7E13EE009F5634 /* GitXplorerTests.xctest */;
			productType = "com.apple.product-type.bundle.unit-test";
		};
		81CFB42D2B7E13EE009F5634 /* GitXplorerUITests */ = {
			isa = PBXNativeTarget;
			buildConfigurationList = 81CFB43E2B7E13EE009F5634 /* Build configuration list for PBXNativeTarget "GitXplorerUITests" */;
			buildPhases = (
				81CFB42A2B7E13EE009F5634 /* Sources */,
				81CFB42B2B7E13EE009F5634 /* Frameworks */,
				81CFB42C2B7E13EE009F5634 /* Resources */,
			);
			buildRules = (
			);
			dependencies = (
				81CFB4302B7E13EE009F5634 /* PBXTargetDependency */,
			);
			name = GitXplorerUITests;
			productName = GitXplorerUITests;
			productReference = 81CFB42E2B7E13EE009F5634 /* GitXplorerUITests.xctest */;
			productType = "com.apple.product-type.bundle.ui-testing";
		};
/* End PBXNativeTarget section */

/* Begin PBXProject section */
		81CFB4062B7E13EA009F5634 /* Project object */ = {
			isa = PBXProject;
			attributes = {
				BuildIndependentTargetsInParallel = 1;
				LastSwiftUpdateCheck = 1520;
				LastUpgradeCheck = 1520;
				TargetAttributes = {
					81CFB40D2B7E13EA009F5634 = {
						CreatedOnToolsVersion = 15.2;
					};
					81CFB4232B7E13EE009F5634 = {
						CreatedOnToolsVersion = 15.2;
						TestTargetID = 81CFB40D2B7E13EA009F5634;
					};
					81CFB42D2B7E13EE009F5634 = {
						CreatedOnToolsVersion = 15.2;
						TestTargetID = 81CFB40D2B7E13EA009F5634;
					};
				};
			};
			buildConfigurationList = 81CFB4092B7E13EA009F5634 /* Build configuration list for PBXProject "GitXplorer" */;
			compatibilityVersion = "Xcode 14.0";
			developmentRegion = en;
			hasScannedForEncodings = 0;
			knownRegions = (
				en,
				Base,
			);
			mainGroup = 81CFB4052B7E13EA009F5634;
			packageReferences = (
				81E35FB12B7F324600C1900D /* XCRemoteSwiftPackageReference "IQKeyboardManager" */,
				81D83F682B7FA8EE00B4A38B /* XCRemoteSwiftPackageReference "NicoProgress" */,
			);
			productRefGroup = 81CFB40F2B7E13EA009F5634 /* Products */;
			projectDirPath = "";
			projectRoot = "";
			targets = (
				81CFB40D2B7E13EA009F5634 /* GitXplorer */,
				81CFB4232B7E13EE009F5634 /* GitXplorerTests */,
				81CFB42D2B7E13EE009F5634 /* GitXplorerUITests */,
			);
		};
/* End PBXProject section */

/* Begin PBXResourcesBuildPhase section */
		81CFB40C2B7E13EA009F5634 /* Resources */ = {
			isa = PBXResourcesBuildPhase;
			buildActionMask = 2147483647;
			files = (
				81CFB41E2B7E13ED009F5634 /* LaunchScreen.storyboard in Resources */,
				81CFB41B2B7E13ED009F5634 /* Assets.xcassets in Resources */,
				81CFB4192B7E13EA009F5634 /* Main.storyboard in Resources */,
				81D83F542B7F481F00B4A38B /* RepoTableViewCell.xib in Resources */,
			);
			runOnlyForDeploymentPostprocessing = 0;
		};
		81CFB4222B7E13EE009F5634 /* Resources */ = {
			isa = PBXResourcesBuildPhase;
			buildActionMask = 2147483647;
			files = (
			);
			runOnlyForDeploymentPostprocessing = 0;
		};
		81CFB42C2B7E13EE009F5634 /* Resources */ = {
			isa = PBXResourcesBuildPhase;
			buildActionMask = 2147483647;
			files = (
			);
			runOnlyForDeploymentPostprocessing = 0;
		};
/* End PBXResourcesBuildPhase section */

/* Begin PBXSourcesBuildPhase section */
		81CFB40A2B7E13EA009F5634 /* Sources */ = {
			isa = PBXSourcesBuildPhase;
			buildActionMask = 2147483647;
			files = (
				81E35FB02B7F2C1F00C1900D /* SearchSortOption.swift in Sources */,
				81CFB4162B7E13EA009F5634 /* RepoListingViewController.swift in Sources */,
				810FEB732B7E749B00B2C1C7 /* Constants.swift in Sources */,
				810FEB6A2B7E6FFF00B2C1C7 /* RepoListingViewModel.swift in Sources */,
				810FEB662B7E6F1100B2C1C7 /* Owner.swift in Sources */,
				81D83F5A2B7F6B7D00B4A38B /* RepoDetailViewController.swift in Sources */,
				81CFB4122B7E13EA009F5634 /* AppDelegate.swift in Sources */,
				810FEB5E2B7E6E3A00B2C1C7 /* SceneDelegate.swift in Sources */,
				81CFB4492B7E236E009F5634 /* ConstructableRequest.swift in Sources */,
				81D83F532B7F481F00B4A38B /* RepoTableViewCell.swift in Sources */,
				810FEB682B7E6F5100B2C1C7 /* GitRepoSearchResponse.swift in Sources */,
				81CFB4472B7E2322009F5634 /* WebOperation.swift in Sources */,
				810FEB582B7E673D00B2C1C7 /* NetworkUtils.swift in Sources */,
				810FEB622B7E6EC200B2C1C7 /* GitRepository.swift in Sources */,
				81D83F582B7F680300B4A38B /* Extensions.swift in Sources */,
				81D83F6C2B7FAEF100B4A38B /* Reachability.swift in Sources */,
				81CFB4452B7E2010009F5634 /* Router.swift in Sources */,
				810FEB712B7E731200B2C1C7 /* GitSearchRouter.swift in Sources */,
				81D83F562B7F64D400B4A38B /* Utils.swift in Sources */,
				810FEB6F2B7E706100B2C1C7 /* BaseViewModel.swift in Sources */,
				810FEB562B7E66B400B2C1C7 /* ResponseValidation.swift in Sources */,
				810FEB642B7E6EFD00B2C1C7 /* License.swift in Sources */,
				81CFB4432B7E1F7E009F5634 /* Network.swift in Sources */,
			);
			runOnlyForDeploymentPostprocessing = 0;
		};
		81CFB4202B7E13EE009F5634 /* Sources */ = {
			isa = PBXSourcesBuildPhase;
			buildActionMask = 2147483647;
			files = (
				81CFB4292B7E13EE009F5634 /* GitXplorerTests.swift in Sources */,
			);
			runOnlyForDeploymentPostprocessing = 0;
		};
		81CFB42A2B7E13EE009F5634 /* Sources */ = {
			isa = PBXSourcesBuildPhase;
			buildActionMask = 2147483647;
			files = (
				81CFB4352B7E13EE009F5634 /* GitXplorerUITestsLaunchTests.swift in Sources */,
				81CFB4332B7E13EE009F5634 /* GitXplorerUITests.swift in Sources */,
			);
			runOnlyForDeploymentPostprocessing = 0;
		};
/* End PBXSourcesBuildPhase section */

/* Begin PBXTargetDependency section */
		81CFB4262B7E13EE009F5634 /* PBXTargetDependency */ = {
			isa = PBXTargetDependency;
			target = 81CFB40D2B7E13EA009F5634 /* GitXplorer */;
			targetProxy = 81CFB4252B7E13EE009F5634 /* PBXContainerItemProxy */;
		};
		81CFB4302B7E13EE009F5634 /* PBXTargetDependency */ = {
			isa = PBXTargetDependency;
			target = 81CFB40D2B7E13EA009F5634 /* GitXplorer */;
			targetProxy = 81CFB42F2B7E13EE009F5634 /* PBXContainerItemProxy */;
		};
/* End PBXTargetDependency section */

/* Begin PBXVariantGroup section */
		81CFB4172B7E13EA009F5634 /* Main.storyboard */ = {
			isa = PBXVariantGroup;
			children = (
				81CFB4182B7E13EA009F5634 /* Base */,
			);
			name = Main.storyboard;
			sourceTree = "<group>";
		};
		81CFB41C2B7E13ED009F5634 /* LaunchScreen.storyboard */ = {
			isa = PBXVariantGroup;
			children = (
				81CFB41D2B7E13ED009F5634 /* Base */,
			);
			name = LaunchScreen.storyboard;
			sourceTree = "<group>";
		};
/* End PBXVariantGroup section */

/* Begin XCBuildConfiguration section */
		81CFB4362B7E13EE009F5634 /* Debug */ = {
			isa = XCBuildConfiguration;
			buildSettings = {
				ALWAYS_SEARCH_USER_PATHS = NO;
				ASSETCATALOG_COMPILER_GENERATE_SWIFT_ASSET_SYMBOL_EXTENSIONS = YES;
				CLANG_ANALYZER_NONNULL = YES;
				CLANG_ANALYZER_NUMBER_OBJECT_CONVERSION = YES_AGGRESSIVE;
				CLANG_CXX_LANGUAGE_STANDARD = "gnu++20";
				CLANG_ENABLE_MODULES = YES;
				CLANG_ENABLE_OBJC_ARC = YES;
				CLANG_ENABLE_OBJC_WEAK = YES;
				CLANG_WARN_BLOCK_CAPTURE_AUTORELEASING = YES;
				CLANG_WARN_BOOL_CONVERSION = YES;
				CLANG_WARN_COMMA = YES;
				CLANG_WARN_CONSTANT_CONVERSION = YES;
				CLANG_WARN_DEPRECATED_OBJC_IMPLEMENTATIONS = YES;
				CLANG_WARN_DIRECT_OBJC_ISA_USAGE = YES_ERROR;
				CLANG_WARN_DOCUMENTATION_COMMENTS = YES;
				CLANG_WARN_EMPTY_BODY = YES;
				CLANG_WARN_ENUM_CONVERSION = YES;
				CLANG_WARN_INFINITE_RECURSION = YES;
				CLANG_WARN_INT_CONVERSION = YES;
				CLANG_WARN_NON_LITERAL_NULL_CONVERSION = YES;
				CLANG_WARN_OBJC_IMPLICIT_RETAIN_SELF = YES;
				CLANG_WARN_OBJC_LITERAL_CONVERSION = YES;
				CLANG_WARN_OBJC_ROOT_CLASS = YES_ERROR;
				CLANG_WARN_QUOTED_INCLUDE_IN_FRAMEWORK_HEADER = YES;
				CLANG_WARN_RANGE_LOOP_ANALYSIS = YES;
				CLANG_WARN_STRICT_PROTOTYPES = YES;
				CLANG_WARN_SUSPICIOUS_MOVE = YES;
				CLANG_WARN_UNGUARDED_AVAILABILITY = YES_AGGRESSIVE;
				CLANG_WARN_UNREACHABLE_CODE = YES;
				CLANG_WARN__DUPLICATE_METHOD_MATCH = YES;
				COPY_PHASE_STRIP = NO;
				DEBUG_INFORMATION_FORMAT = dwarf;
				ENABLE_STRICT_OBJC_MSGSEND = YES;
				ENABLE_TESTABILITY = YES;
				ENABLE_USER_SCRIPT_SANDBOXING = YES;
				GCC_C_LANGUAGE_STANDARD = gnu17;
				GCC_DYNAMIC_NO_PIC = NO;
				GCC_NO_COMMON_BLOCKS = YES;
				GCC_OPTIMIZATION_LEVEL = 0;
				GCC_PREPROCESSOR_DEFINITIONS = (
					"DEBUG=1",
					"$(inherited)",
				);
				GCC_WARN_64_TO_32_BIT_CONVERSION = YES;
				GCC_WARN_ABOUT_RETURN_TYPE = YES_ERROR;
				GCC_WARN_UNDECLARED_SELECTOR = YES;
				GCC_WARN_UNINITIALIZED_AUTOS = YES_AGGRESSIVE;
				GCC_WARN_UNUSED_FUNCTION = YES;
				GCC_WARN_UNUSED_VARIABLE = YES;
				IPHONEOS_DEPLOYMENT_TARGET = 17.2;
				LOCALIZATION_PREFERS_STRING_CATALOGS = YES;
				MTL_ENABLE_DEBUG_INFO = INCLUDE_SOURCE;
				MTL_FAST_MATH = YES;
				ONLY_ACTIVE_ARCH = YES;
				SDKROOT = iphoneos;
				SWIFT_ACTIVE_COMPILATION_CONDITIONS = "DEBUG $(inherited)";
				SWIFT_OPTIMIZATION_LEVEL = "-Onone";
			};
			name = Debug;
		};
		81CFB4372B7E13EE009F5634 /* Release */ = {
			isa = XCBuildConfiguration;
			buildSettings = {
				ALWAYS_SEARCH_USER_PATHS = NO;
				ASSETCATALOG_COMPILER_GENERATE_SWIFT_ASSET_SYMBOL_EXTENSIONS = YES;
				CLANG_ANALYZER_NONNULL = YES;
				CLANG_ANALYZER_NUMBER_OBJECT_CONVERSION = YES_AGGRESSIVE;
				CLANG_CXX_LANGUAGE_STANDARD = "gnu++20";
				CLANG_ENABLE_MODULES = YES;
				CLANG_ENABLE_OBJC_ARC = YES;
				CLANG_ENABLE_OBJC_WEAK = YES;
				CLANG_WARN_BLOCK_CAPTURE_AUTORELEASING = YES;
				CLANG_WARN_BOOL_CONVERSION = YES;
				CLANG_WARN_COMMA = YES;
				CLANG_WARN_CONSTANT_CONVERSION = YES;
				CLANG_WARN_DEPRECATED_OBJC_IMPLEMENTATIONS = YES;
				CLANG_WARN_DIRECT_OBJC_ISA_USAGE = YES_ERROR;
				CLANG_WARN_DOCUMENTATION_COMMENTS = YES;
				CLANG_WARN_EMPTY_BODY = YES;
				CLANG_WARN_ENUM_CONVERSION = YES;
				CLANG_WARN_INFINITE_RECURSION = YES;
				CLANG_WARN_INT_CONVERSION = YES;
				CLANG_WARN_NON_LITERAL_NULL_CONVERSION = YES;
				CLANG_WARN_OBJC_IMPLICIT_RETAIN_SELF = YES;
				CLANG_WARN_OBJC_LITERAL_CONVERSION = YES;
				CLANG_WARN_OBJC_ROOT_CLASS = YES_ERROR;
				CLANG_WARN_QUOTED_INCLUDE_IN_FRAMEWORK_HEADER = YES;
				CLANG_WARN_RANGE_LOOP_ANALYSIS = YES;
				CLANG_WARN_STRICT_PROTOTYPES = YES;
				CLANG_WARN_SUSPICIOUS_MOVE = YES;
				CLANG_WARN_UNGUARDED_AVAILABILITY = YES_AGGRESSIVE;
				CLANG_WARN_UNREACHABLE_CODE = YES;
				CLANG_WARN__DUPLICATE_METHOD_MATCH = YES;
				COPY_PHASE_STRIP = NO;
				DEBUG_INFORMATION_FORMAT = "dwarf-with-dsym";
				ENABLE_NS_ASSERTIONS = NO;
				ENABLE_STRICT_OBJC_MSGSEND = YES;
				ENABLE_USER_SCRIPT_SANDBOXING = YES;
				GCC_C_LANGUAGE_STANDARD = gnu17;
				GCC_NO_COMMON_BLOCKS = YES;
				GCC_WARN_64_TO_32_BIT_CONVERSION = YES;
				GCC_WARN_ABOUT_RETURN_TYPE = YES_ERROR;
				GCC_WARN_UNDECLARED_SELECTOR = YES;
				GCC_WARN_UNINITIALIZED_AUTOS = YES_AGGRESSIVE;
				GCC_WARN_UNUSED_FUNCTION = YES;
				GCC_WARN_UNUSED_VARIABLE = YES;
				IPHONEOS_DEPLOYMENT_TARGET = 17.2;
				LOCALIZATION_PREFERS_STRING_CATALOGS = YES;
				MTL_ENABLE_DEBUG_INFO = NO;
				MTL_FAST_MATH = YES;
				SDKROOT = iphoneos;
				SWIFT_COMPILATION_MODE = wholemodule;
				VALIDATE_PRODUCT = YES;
			};
			name = Release;
		};
		81CFB4392B7E13EE009F5634 /* Debug */ = {
			isa = XCBuildConfiguration;
			buildSettings = {
				ASSETCATALOG_COMPILER_APPICON_NAME = AppIcon;
				ASSETCATALOG_COMPILER_GLOBAL_ACCENT_COLOR_NAME = AccentColor;
				CODE_SIGN_STYLE = Automatic;
				CURRENT_PROJECT_VERSION = 1;
				DEVELOPMENT_TEAM = 8Y528CUG5X;
				GENERATE_INFOPLIST_FILE = YES;
				INFOPLIST_FILE = GitXplorer/Info.plist;
				INFOPLIST_KEY_UIApplicationSupportsIndirectInputEvents = YES;
				INFOPLIST_KEY_UILaunchStoryboardName = LaunchScreen;
				INFOPLIST_KEY_UIMainStoryboardFile = Main;
				INFOPLIST_KEY_UISupportedInterfaceOrientations_iPad = "UIInterfaceOrientationPortrait UIInterfaceOrientationPortraitUpsideDown UIInterfaceOrientationLandscapeLeft UIInterfaceOrientationLandscapeRight";
				INFOPLIST_KEY_UISupportedInterfaceOrientations_iPhone = "UIInterfaceOrientationPortrait UIInterfaceOrientationLandscapeLeft UIInterfaceOrientationLandscapeRight";
				IPHONEOS_DEPLOYMENT_TARGET = 16.0;
				LD_RUNPATH_SEARCH_PATHS = (
					"$(inherited)",
					"@executable_path/Frameworks",
				);
				MARKETING_VERSION = 1.0;
				PRODUCT_BUNDLE_IDENTIFIER = com.luvaah.GitXplorer;
				PRODUCT_NAME = "$(TARGET_NAME)";
				SWIFT_EMIT_LOC_STRINGS = YES;
				SWIFT_VERSION = 5.0;
				TARGETED_DEVICE_FAMILY = "1,2";
			};
			name = Debug;
		};
		81CFB43A2B7E13EE009F5634 /* Release */ = {
			isa = XCBuildConfiguration;
			buildSettings = {
				ASSETCATALOG_COMPILER_APPICON_NAME = AppIcon;
				ASSETCATALOG_COMPILER_GLOBAL_ACCENT_COLOR_NAME = AccentColor;
				CODE_SIGN_STYLE = Automatic;
				CURRENT_PROJECT_VERSION = 1;
				DEVELOPMENT_TEAM = 8Y528CUG5X;
				GENERATE_INFOPLIST_FILE = YES;
				INFOPLIST_FILE = GitXplorer/Info.plist;
				INFOPLIST_KEY_UIApplicationSupportsIndirectInputEvents = YES;
				INFOPLIST_KEY_UILaunchStoryboardName = LaunchScreen;
				INFOPLIST_KEY_UIMainStoryboardFile = Main;
				INFOPLIST_KEY_UISupportedInterfaceOrientations_iPad = "UIInterfaceOrientationPortrait UIInterfaceOrientationPortraitUpsideDown UIInterfaceOrientationLandscapeLeft UIInterfaceOrientationLandscapeRight";
				INFOPLIST_KEY_UISupportedInterfaceOrientations_iPhone = "UIInterfaceOrientationPortrait UIInterfaceOrientationLandscapeLeft UIInterfaceOrientationLandscapeRight";
				IPHONEOS_DEPLOYMENT_TARGET = 16.0;
				LD_RUNPATH_SEARCH_PATHS = (
					"$(inherited)",
					"@executable_path/Frameworks",
				);
				MARKETING_VERSION = 1.0;
				PRODUCT_BUNDLE_IDENTIFIER = com.luvaah.GitXplorer;
				PRODUCT_NAME = "$(TARGET_NAME)";
				SWIFT_EMIT_LOC_STRINGS = YES;
				SWIFT_VERSION = 5.0;
				TARGETED_DEVICE_FAMILY = "1,2";
			};
			name = Release;
		};
		81CFB43C2B7E13EE009F5634 /* Debug */ = {
			isa = XCBuildConfiguration;
			buildSettings = {
				ALWAYS_EMBED_SWIFT_STANDARD_LIBRARIES = YES;
				BUNDLE_LOADER = "$(TEST_HOST)";
				CODE_SIGN_STYLE = Automatic;
				CURRENT_PROJECT_VERSION = 1;
				DEVELOPMENT_TEAM = 8Y528CUG5X;
				GENERATE_INFOPLIST_FILE = YES;
				IPHONEOS_DEPLOYMENT_TARGET = 17.2;
				MARKETING_VERSION = 1.0;
				PRODUCT_BUNDLE_IDENTIFIER = com.luvaah.GitXplorerTests;
				PRODUCT_NAME = "$(TARGET_NAME)";
				SWIFT_EMIT_LOC_STRINGS = NO;
				SWIFT_VERSION = 5.0;
				TARGETED_DEVICE_FAMILY = "1,2";
				TEST_HOST = "$(BUILT_PRODUCTS_DIR)/GitXplorer.app/$(BUNDLE_EXECUTABLE_FOLDER_PATH)/GitXplorer";
			};
			name = Debug;
		};
		81CFB43D2B7E13EE009F5634 /* Release */ = {
			isa = XCBuildConfiguration;
			buildSettings = {
				ALWAYS_EMBED_SWIFT_STANDARD_LIBRARIES = YES;
				BUNDLE_LOADER = "$(TEST_HOST)";
				CODE_SIGN_STYLE = Automatic;
				CURRENT_PROJECT_VERSION = 1;
				DEVELOPMENT_TEAM = 8Y528CUG5X;
				GENERATE_INFOPLIST_FILE = YES;
				IPHONEOS_DEPLOYMENT_TARGET = 17.2;
				MARKETING_VERSION = 1.0;
				PRODUCT_BUNDLE_IDENTIFIER = com.luvaah.GitXplorerTests;
				PRODUCT_NAME = "$(TARGET_NAME)";
				SWIFT_EMIT_LOC_STRINGS = NO;
				SWIFT_VERSION = 5.0;
				TARGETED_DEVICE_FAMILY = "1,2";
				TEST_HOST = "$(BUILT_PRODUCTS_DIR)/GitXplorer.app/$(BUNDLE_EXECUTABLE_FOLDER_PATH)/GitXplorer";
			};
			name = Release;
		};
		81CFB43F2B7E13EE009F5634 /* Debug */ = {
			isa = XCBuildConfiguration;
			buildSettings = {
				ALWAYS_EMBED_SWIFT_STANDARD_LIBRARIES = YES;
				CODE_SIGN_STYLE = Automatic;
				CURRENT_PROJECT_VERSION = 1;
				DEVELOPMENT_TEAM = 8Y528CUG5X;
				GENERATE_INFOPLIST_FILE = YES;
				MARKETING_VERSION = 1.0;
				PRODUCT_BUNDLE_IDENTIFIER = com.luvaah.GitXplorerUITests;
				PRODUCT_NAME = "$(TARGET_NAME)";
				SWIFT_EMIT_LOC_STRINGS = NO;
				SWIFT_VERSION = 5.0;
				TARGETED_DEVICE_FAMILY = "1,2";
				TEST_TARGET_NAME = GitXplorer;
			};
			name = Debug;
		};
		81CFB4402B7E13EE009F5634 /* Release */ = {
			isa = XCBuildConfiguration;
			buildSettings = {
				ALWAYS_EMBED_SWIFT_STANDARD_LIBRARIES = YES;
				CODE_SIGN_STYLE = Automatic;
				CURRENT_PROJECT_VERSION = 1;
				DEVELOPMENT_TEAM = 8Y528CUG5X;
				GENERATE_INFOPLIST_FILE = YES;
				MARKETING_VERSION = 1.0;
				PRODUCT_BUNDLE_IDENTIFIER = com.luvaah.GitXplorerUITests;
				PRODUCT_NAME = "$(TARGET_NAME)";
				SWIFT_EMIT_LOC_STRINGS = NO;
				SWIFT_VERSION = 5.0;
				TARGETED_DEVICE_FAMILY = "1,2";
				TEST_TARGET_NAME = GitXplorer;
			};
			name = Release;
		};
/* End XCBuildConfiguration section */

/* Begin XCConfigurationList section */
		81CFB4092B7E13EA009F5634 /* Build configuration list for PBXProject "GitXplorer" */ = {
			isa = XCConfigurationList;
			buildConfigurations = (
				81CFB4362B7E13EE009F5634 /* Debug */,
				81CFB4372B7E13EE009F5634 /* Release */,
			);
			defaultConfigurationIsVisible = 0;
			defaultConfigurationName = Release;
		};
		81CFB4382B7E13EE009F5634 /* Build configuration list for PBXNativeTarget "GitXplorer" */ = {
			isa = XCConfigurationList;
			buildConfigurations = (
				81CFB4392B7E13EE009F5634 /* Debug */,
				81CFB43A2B7E13EE009F5634 /* Release */,
			);
			defaultConfigurationIsVisible = 0;
			defaultConfigurationName = Release;
		};
		81CFB43B2B7E13EE009F5634 /* Build configuration list for PBXNativeTarget "GitXplorerTests" */ = {
			isa = XCConfigurationList;
			buildConfigurations = (
				81CFB43C2B7E13EE009F5634 /* Debug */,
				81CFB43D2B7E13EE009F5634 /* Release */,
			);
			defaultConfigurationIsVisible = 0;
			defaultConfigurationName = Release;
		};
		81CFB43E2B7E13EE009F5634 /* Build configuration list for PBXNativeTarget "GitXplorerUITests" */ = {
			isa = XCConfigurationList;
			buildConfigurations = (
				81CFB43F2B7E13EE009F5634 /* Debug */,
				81CFB4402B7E13EE009F5634 /* Release */,
			);
			defaultConfigurationIsVisible = 0;
			defaultConfigurationName = Release;
		};
/* End XCConfigurationList section */

/* Begin XCRemoteSwiftPackageReference section */
		81D83F682B7FA8EE00B4A38B /* XCRemoteSwiftPackageReference "NicoProgress" */ = {
			isa = XCRemoteSwiftPackageReference;
			repositoryURL = "https://github.com/nicorichard/NicoProgress";
			requirement = {
				kind = upToNextMajorVersion;
				minimumVersion = 0.4.0;
			};
		};
		81E35FB12B7F324600C1900D /* XCRemoteSwiftPackageReference "IQKeyboardManager" */ = {
			isa = XCRemoteSwiftPackageReference;
			repositoryURL = "https://github.com/hackiftekhar/IQKeyboardManager.git";
			requirement = {
				kind = upToNextMajorVersion;
				minimumVersion = 7.0.1;
			};
		};
/* End XCRemoteSwiftPackageReference section */

/* Begin XCSwiftPackageProductDependency section */
		81D83F692B7FA8EE00B4A38B /* NicoProgress */ = {
			isa = XCSwiftPackageProductDependency;
			package = 81D83F682B7FA8EE00B4A38B /* XCRemoteSwiftPackageReference "NicoProgress" */;
			productName = NicoProgress;
		};
		81E35FB22B7F324600C1900D /* IQKeyboardManagerSwift */ = {
			isa = XCSwiftPackageProductDependency;
			package = 81E35FB12B7F324600C1900D /* XCRemoteSwiftPackageReference "IQKeyboardManager" */;
			productName = IQKeyboardManagerSwift;
		};
/* End XCSwiftPackageProductDependency section */
	};
	rootObject = 81CFB4062B7E13EA009F5634 /* Project object */;
}
